
Microsoft Visual Studio Solution File, Format Version 12.00
# Visual Studio Version 17
VisualStudioVersion = 17.12.35707.178
MinimumVisualStudioVersion = 10.0.40219.1
Project("{2150E333-8FDC-42A3-9474-1A3956D46DE8}") = "Solution Items", "Solution Items", "{D190E0B3-4128-49FA-A1D6-25881BB8D29D}"
	ProjectSection(SolutionItems) = preProject
		.env = .env
		.env.example = .env.example
		.gitattributes = .gitattributes
		.gitignore = .gitignore
		AUTHORS = AUTHORS
		CODE-OF-CONDUCT.md = CODE-OF-CONDUCT.md
		docker-compose.override.yml = docker-compose.override.yml
		docker-compose.yml = docker-compose.yml
		LICENSE = LICENSE
		Pwneu.sln.DotSettings = Pwneu.sln.DotSettings
		README.md = README.md
	EndProjectSection
EndProject
Project("{2150E333-8FDC-42A3-9474-1A3956D46DE8}") = "scripts", "scripts", "{CFFCFE89-A282-4E18-BC8E-071008F7E1BF}"
	ProjectSection(SolutionItems) = preProject
		scripts\delete_challenges.py = scripts\delete_challenges.py
		scripts\delete_members.py = scripts\delete_members.py
		scripts\requirements.txt = scripts\requirements.txt
		scripts\seed_challenges.py = scripts\seed_challenges.py
		scripts\seed_hint_usages.py = scripts\seed_hint_usages.py
		scripts\seed_leaderboards.py = scripts\seed_leaderboards.py
		scripts\seed_users.py = scripts\seed_users.py
	EndProjectSection
EndProject
Project("{2150E333-8FDC-42A3-9474-1A3956D46DE8}") = "conf", "conf", "{78F5E182-40AE-4EE6-99B1-E5594A1752B3}"
	ProjectSection(SolutionItems) = preProject
		conf\datasources.yml = conf\datasources.yml
		conf\prometheus.yml = conf\prometheus.yml
	EndProjectSection
EndProject
Project("{2150E333-8FDC-42A3-9474-1A3956D46DE8}") = "src", "src", "{FE30B54E-C1F3-4F22-8A81-4A2DD0607D95}"
EndProject
Project("{2150E333-8FDC-42A3-9474-1A3956D46DE8}") = "tests", "tests", "{A1BB1346-366E-4CE3-B14E-38D904557960}"
EndProject
Project("{FAE04EC0-301F-11D3-BF4B-00C04F79EFBC}") = "Pwneu.AppHost", "src\Pwneu.AppHost\Pwneu.AppHost.csproj", "{ADA3EBC7-9933-42D6-B379-E06CE203C425}"
EndProject
Project("{FAE04EC0-301F-11D3-BF4B-00C04F79EFBC}") = "Pwneu.Api", "src\Pwneu.Api\Pwneu.Api.csproj", "{3C03FF50-E9E6-44B4-B882-29F3305C4584}"
EndProject
Project("{FAE04EC0-301F-11D3-BF4B-00C04F79EFBC}") = "Pwneu.ServiceDefaults", "src\Pwneu.ServiceDefaults\Pwneu.ServiceDefaults.csproj", "{F7FAB4F2-CAA6-43D5-AA54-8A7F97133479}"
EndProject
Project("{FAE04EC0-301F-11D3-BF4B-00C04F79EFBC}") = "Pwneu.UnitTests", "tests\Pwneu.UnitTests\Pwneu.UnitTests.csproj", "{13E4A1B5-25F2-445B-B5F9-BC1C298315EA}"
EndProject
Project("{FAE04EC0-301F-11D3-BF4B-00C04F79EFBC}") = "Pwneu.IntegrationTests", "tests\Pwneu.IntegrationTests\Pwneu.IntegrationTests.csproj", "{A7E318A4-B745-4FD9-8127-9D39D149E444}"
EndProject
Global
	GlobalSection(SolutionConfigurationPlatforms) = preSolution
		Debug|Any CPU = Debug|Any CPU
		Release|Any CPU = Release|Any CPU
	EndGlobalSection
	GlobalSection(ProjectConfigurationPlatforms) = postSolution
		{ADA3EBC7-9933-42D6-B379-E06CE203C425}.Debug|Any CPU.ActiveCfg = Debug|Any CPU
		{ADA3EBC7-9933-42D6-B379-E06CE203C425}.Debug|Any CPU.Build.0 = Debug|Any CPU
		{ADA3EBC7-9933-42D6-B379-E06CE203C425}.Release|Any CPU.ActiveCfg = Release|Any CPU
		{ADA3EBC7-9933-42D6-B379-E06CE203C425}.Release|Any CPU.Build.0 = Release|Any CPU
		{3C03FF50-E9E6-44B4-B882-29F3305C4584}.Debug|Any CPU.ActiveCfg = Debug|Any CPU
		{3C03FF50-E9E6-44B4-B882-29F3305C4584}.Debug|Any CPU.Build.0 = Debug|Any CPU
		{3C03FF50-E9E6-44B4-B882-29F3305C4584}.Release|Any CPU.ActiveCfg = Release|Any CPU
		{3C03FF50-E9E6-44B4-B882-29F3305C4584}.Release|Any CPU.Build.0 = Release|Any CPU
		{F7FAB4F2-CAA6-43D5-AA54-8A7F97133479}.Debug|Any CPU.ActiveCfg = Debug|Any CPU
		{F7FAB4F2-CAA6-43D5-AA54-8A7F97133479}.Debug|Any CPU.Build.0 = Debug|Any CPU
		{F7FAB4F2-CAA6-43D5-AA54-8A7F97133479}.Release|Any CPU.ActiveCfg = Release|Any CPU
		{F7FAB4F2-CAA6-43D5-AA54-8A7F97133479}.Release|Any CPU.Build.0 = Release|Any CPU
		{13E4A1B5-25F2-445B-B5F9-BC1C298315EA}.Debug|Any CPU.ActiveCfg = Debug|Any CPU
		{13E4A1B5-25F2-445B-B5F9-BC1C298315EA}.Debug|Any CPU.Build.0 = Debug|Any CPU
		{13E4A1B5-25F2-445B-B5F9-BC1C298315EA}.Release|Any CPU.ActiveCfg = Release|Any CPU
		{13E4A1B5-25F2-445B-B5F9-BC1C298315EA}.Release|Any CPU.Build.0 = Release|Any CPU
		{A7E318A4-B745-4FD9-8127-9D39D149E444}.Debug|Any CPU.ActiveCfg = Debug|Any CPU
		{A7E318A4-B745-4FD9-8127-9D39D149E444}.Debug|Any CPU.Build.0 = Debug|Any CPU
		{A7E318A4-B745-4FD9-8127-9D39D149E444}.Release|Any CPU.ActiveCfg = Release|Any CPU
		{A7E318A4-B745-4FD9-8127-9D39D149E444}.Release|Any CPU.Build.0 = Release|Any CPU
	EndGlobalSection
	GlobalSection(SolutionProperties) = preSolution
		HideSolutionNode = FALSE
	EndGlobalSection
	GlobalSection(NestedProjects) = preSolution
		{CFFCFE89-A282-4E18-BC8E-071008F7E1BF} = {D190E0B3-4128-49FA-A1D6-25881BB8D29D}
		{78F5E182-40AE-4EE6-99B1-E5594A1752B3} = {D190E0B3-4128-49FA-A1D6-25881BB8D29D}
		{ADA3EBC7-9933-42D6-B379-E06CE203C425} = {FE30B54E-C1F3-4F22-8A81-4A2DD0607D95}
		{3C03FF50-E9E6-44B4-B882-29F3305C4584} = {FE30B54E-C1F3-4F22-8A81-4A2DD0607D95}
		{F7FAB4F2-CAA6-43D5-AA54-8A7F97133479} = {FE30B54E-C1F3-4F22-8A81-4A2DD0607D95}
		{13E4A1B5-25F2-445B-B5F9-BC1C298315EA} = {A1BB1346-366E-4CE3-B14E-38D904557960}
		{A7E318A4-B745-4FD9-8127-9D39D149E444} = {A1BB1346-366E-4CE3-B14E-38D904557960}
	EndGlobalSection
EndGlobal
