
Microsoft Visual Studio Solution File, Format Version 12.00
Project("{2150E333-8FDC-42A3-9474-1A3956D46DE8}") = "src", "src", "{DBF2348C-56C9-41CB-A26E-833EC3238D3F}"
EndProject
Project("{2150E333-8FDC-42A3-9474-1A3956D46DE8}") = "tests", "tests", "{D463125D-0C2D-43FC-A06F-4DA2EF8ECCE3}"
EndProject
Project("{FAE04EC0-301F-11D3-BF4B-00C04F79EFBC}") = "Pwneu.Api", "src\Pwneu.Api\Pwneu.Api.csproj", "{0DC8E2CB-DFEC-4D2F-B3D0-FE0E03DA0090}"
EndProject
Global
	GlobalSection(SolutionConfigurationPlatforms) = preSolution
		Debug|Any CPU = Debug|Any CPU
		Release|Any CPU = Release|Any CPU
	EndGlobalSection
	GlobalSection(NestedProjects) = preSolution
		{0DC8E2CB-DFEC-4D2F-B3D0-FE0E03DA0090} = {DBF2348C-56C9-41CB-A26E-833EC3238D3F}
	EndGlobalSection
	GlobalSection(ProjectConfigurationPlatforms) = postSolution
		{0DC8E2CB-DFEC-4D2F-B3D0-FE0E03DA0090}.Debug|Any CPU.ActiveCfg = Debug|Any CPU
		{0DC8E2CB-DFEC-4D2F-B3D0-FE0E03DA0090}.Debug|Any CPU.Build.0 = Debug|Any CPU
		{0DC8E2CB-DFEC-4D2F-B3D0-FE0E03DA0090}.Release|Any CPU.ActiveCfg = Release|Any CPU
		{0DC8E2CB-DFEC-4D2F-B3D0-FE0E03DA0090}.Release|Any CPU.Build.0 = Release|Any CPU
	EndGlobalSection
EndGlobal
